github.com/aws/smithy-go v1.22.3 h1:Z//5NuZCSW6R4PhQ93hShNbyBbn8BWCmCVCt+Q8Io5k=
github.com/aws/smithy-go v1.22.3/go.mod h1:t1ufH5HMublsJYulve2RKmHDC15xu1f26kHCp/HgceI=
github.com/go-logr/logr v1.4.3 h1:CjnDlHq8ikf6E492q6eKboGOC0T8CDaOvkHCIg8idEI=
github.com/go-logr/logr v1.4.3/go.mod h1:9T104GzyrTigFIr8wt5mBrctHMim0Nb2HLGrmQ40KvY=
github.com/tonglil/buflogr v1.1.1 h1:CKAjOHBSMmgbRFxpn/RhQHPj5oANc7ekhlsoUDvcZIg=
github.com/tonglil/buflogr v1.1.1/go.mod h1:WLLtPRLqcFYWQLbA+ytXy5WrFTYnfA+beg1MpvJCxm4=
